// !$*UTF8*$!
{
	archiveVersion = 1;
	classes = {
	};
	objectVersion = 46;
	objects = {

/* Begin PBXBuildFile section */
		C901471617E9FA1E0010C7FF /* Foundation.framework in Frameworks */ = {isa = PBXBuildFile; fileRef = C901471517E9FA1E0010C7FF /* Foundation.framework */; };
		C901471817E9FA1E0010C7FF /* CoreGraphics.framework in Frameworks */ = {isa = PBXBuildFile; fileRef = C901471717E9FA1E0010C7FF /* CoreGraphics.framework */; };
		C901471A17E9FA1E0010C7FF /* UIKit.framework in Frameworks */ = {isa = PBXBuildFile; fileRef = C901471917E9FA1E0010C7FF /* UIKit.framework */; };
		C901472017E9FA1E0010C7FF /* InfoPlist.strings in Resources */ = {isa = PBXBuildFile; fileRef = C901471E17E9FA1E0010C7FF /* InfoPlist.strings */; };
		C901472217E9FA1E0010C7FF /* main.m in Sources */ = {isa = PBXBuildFile; fileRef = C901472117E9FA1E0010C7FF /* main.m */; };
		C901472617E9FA1E0010C7FF /* AppDelegate.m in Sources */ = {isa = PBXBuildFile; fileRef = C901472517E9FA1E0010C7FF /* AppDelegate.m */; };
		C901472817E9FA1E0010C7FF /* Images.xcassets in Resources */ = {isa = PBXBuildFile; fileRef = C901472717E9FA1E0010C7FF /* Images.xcassets */; };
		C901472F17E9FA1E0010C7FF /* XCTest.framework in Frameworks */ = {isa = PBXBuildFile; fileRef = C901472E17E9FA1E0010C7FF /* XCTest.framework */; };
		C901473017E9FA1E0010C7FF /* Foundation.framework in Frameworks */ = {isa = PBXBuildFile; fileRef = C901471517E9FA1E0010C7FF /* Foundation.framework */; };
		C901473117E9FA1E0010C7FF /* UIKit.framework in Frameworks */ = {isa = PBXBuildFile; fileRef = C901471917E9FA1E0010C7FF /* UIKit.framework */; };
		C901473917E9FA1E0010C7FF /* InfoPlist.strings in Resources */ = {isa = PBXBuildFile; fileRef = C901473717E9FA1E0010C7FF /* InfoPlist.strings */; };
		C901473B17E9FA1E0010C7FF /* KeyboardAnimationCurveBugTests.m in Sources */ = {isa = PBXBuildFile; fileRef = C901473A17E9FA1E0010C7FF /* KeyboardAnimationCurveBugTests.m */; };
		C901474617E9FA370010C7FF /* ViewController.m in Sources */ = {isa = PBXBuildFile; fileRef = C901474517E9FA370010C7FF /* ViewController.m */; };
		C901474817E9FAF30010C7FF /* ViewController.xib in Resources */ = {isa = PBXBuildFile; fileRef = C901474717E9FAF30010C7FF /* ViewController.xib */; };
/* End PBXBuildFile section */

/* Begin PBXContainerItemProxy section */
		C901473217E9FA1E0010C7FF /* PBXContainerItemProxy */ = {
			isa = PBXContainerItemProxy;
			containerPortal = C901470A17E9FA1E0010C7FF /* Project object */;
			proxyType = 1;
			remoteGlobalIDString = C901471117E9FA1E0010C7FF;
			remoteInfo = KeyboardAnimationCurveBug;
		};
/* End PBXContainerItemProxy section */

/* Begin PBXFileReference section */
		C901471217E9FA1E0010C7FF /* KeyboardAnimationCurveBug.app */ = {isa = PBXFileReference; explicitFileType = wrapper.application; includeInIndex = 0; path = KeyboardAnimationCurveBug.app; sourceTree = BUILT_PRODUCTS_DIR; };
		C901471517E9FA1E0010C7FF /* Foundation.framework */ = {isa = PBXFileReference; lastKnownFileType = wrapper.framework; name = Foundation.framework; path = System/Library/Frameworks/Foundation.framework; sourceTree = SDKROOT; };
		C901471717E9FA1E0010C7FF /* CoreGraphics.framework */ = {isa = PBXFileReference; lastKnownFileType = wrapper.framework; name = CoreGraphics.framework; path = System/Library/Frameworks/CoreGraphics.framework; sourceTree = SDKROOT; };
		C901471917E9FA1E0010C7FF /* UIKit.framework */ = {isa = PBXFileReference; lastKnownFileType = wrapper.framework; name = UIKit.framework; path = System/Library/Frameworks/UIKit.framework; sourceTree = SDKROOT; };
		C901471D17E9FA1E0010C7FF /* KeyboardAnimationCurveBug-Info.plist */ = {isa = PBXFileReference; lastKnownFileType = text.plist.xml; path = "KeyboardAnimationCurveBug-Info.plist"; sourceTree = "<group>"; };
		C901471F17E9FA1E0010C7FF /* en */ = {isa = PBXFileReference; lastKnownFileType = text.plist.strings; name = en; path = en.lproj/InfoPlist.strings; sourceTree = "<group>"; };
		C901472117E9FA1E0010C7FF /* main.m */ = {isa = PBXFileReference; lastKnownFileType = sourcecode.c.objc; path = main.m; sourceTree = "<group>"; };
		C901472317E9FA1E0010C7FF /* KeyboardAnimationCurveBug-Prefix.pch */ = {isa = PBXFileReference; lastKnownFileType = sourcecode.c.h; path = "KeyboardAnimationCurveBug-Prefix.pch"; sourceTree = "<group>"; };
		C901472417E9FA1E0010C7FF /* AppDelegate.h */ = {isa = PBXFileReference; lastKnownFileType = sourcecode.c.h; path = AppDelegate.h; sourceTree = "<group>"; };
		C901472517E9FA1E0010C7FF /* AppDelegate.m */ = {isa = PBXFileReference; lastKnownFileType = sourcecode.c.objc; path = AppDelegate.m; sourceTree = "<group>"; };
		C901472717E9FA1E0010C7FF /* Images.xcassets */ = {isa = PBXFileReference; lastKnownFileType = folder.assetcatalog; path = Images.xcassets; sourceTree = "<group>"; };
		C901472D17E9FA1E0010C7FF /* KeyboardAnimationCurveBugTests.xctest */ = {isa = PBXFileReference; explicitFileType = wrapper.cfbundle; includeInIndex = 0; path = KeyboardAnimationCurveBugTests.xctest; sourceTree = BUILT_PRODUCTS_DIR; };
		C901472E17E9FA1E0010C7FF /* XCTest.framework */ = {isa = PBXFileReference; lastKnownFileType = wrapper.framework; name = XCTest.framework; path = Library/Frameworks/XCTest.framework; sourceTree = DEVELOPER_DIR; };
		C901473617E9FA1E0010C7FF /* KeyboardAnimationCurveBugTests-Info.plist */ = {isa = PBXFileReference; lastKnownFileType = text.plist.xml; path = "KeyboardAnimationCurveBugTests-Info.plist"; sourceTree = "<group>"; };
		C901473817E9FA1E0010C7FF /* en */ = {isa = PBXFileReference; lastKnownFileType = text.plist.strings; name = en; path = en.lproj/InfoPlist.strings; sourceTree = "<group>"; };
		C901473A17E9FA1E0010C7FF /* KeyboardAnimationCurveBugTests.m */ = {isa = PBXFileReference; lastKnownFileType = sourcecode.c.objc; path = KeyboardAnimationCurveBugTests.m; sourceTree = "<group>"; };
		C901474417E9FA370010C7FF /* ViewController.h */ = {isa = PBXFileReference; fileEncoding = 4; lastKnownFileType = sourcecode.c.h; path = ViewController.h; sourceTree = "<group>"; };
		C901474517E9FA370010C7FF /* ViewController.m */ = {isa = PBXFileReference; fileEncoding = 4; lastKnownFileType = sourcecode.c.objc; path = ViewController.m; sourceTree = "<group>"; };
		C901474717E9FAF30010C7FF /* ViewController.xib */ = {isa = PBXFileReference; fileEncoding = 4; lastKnownFileType = file.xib; path = ViewController.xib; sourceTree = "<group>"; };
/* End PBXFileReference section */

/* Begin PBXFrameworksBuildPhase section */
		C901470F17E9FA1E0010C7FF /* Frameworks */ = {
			isa = PBXFrameworksBuildPhase;
			buildActionMask = 2147483647;
			files = (
				C901471817E9FA1E0010C7FF /* CoreGraphics.framework in Frameworks */,
				C901471A17E9FA1E0010C7FF /* UIKit.framework in Frameworks */,
				C901471617E9FA1E0010C7FF /* Foundation.framework in Frameworks */,
			);
			runOnlyForDeploymentPostprocessing = 0;
		};
		C901472A17E9FA1E0010C7FF /* Frameworks */ = {
			isa = PBXFrameworksBuildPhase;
			buildActionMask = 2147483647;
			files = (
				C901472F17E9FA1E0010C7FF /* XCTest.framework in Frameworks */,
				C901473117E9FA1E0010C7FF /* UIKit.framework in Frameworks */,
				C901473017E9FA1E0010C7FF /* Foundation.framework in Frameworks */,
			);
			runOnlyForDeploymentPostprocessing = 0;
		};
/* End PBXFrameworksBuildPhase section */

/* Begin PBXGroup section */
		C901470917E9FA1E0010C7FF = {
			isa = PBXGroup;
			children = (
				C901471B17E9FA1E0010C7FF /* KeyboardAnimationCurveBug */,
				C901473417E9FA1E0010C7FF /* KeyboardAnimationCurveBugTests */,
				C901471417E9FA1E0010C7FF /* Frameworks */,
				C901471317E9FA1E0010C7FF /* Products */,
			);
			sourceTree = "<group>";
		};
		C901471317E9FA1E0010C7FF /* Products */ = {
			isa = PBXGroup;
			children = (
				C901471217E9FA1E0010C7FF /* KeyboardAnimationCurveBug.app */,
				C901472D17E9FA1E0010C7FF /* KeyboardAnimationCurveBugTests.xctest */,
			);
			name = Products;
			sourceTree = "<group>";
		};
		C901471417E9FA1E0010C7FF /* Frameworks */ = {
			isa = PBXGroup;
			children = (
				C901471517E9FA1E0010C7FF /* Foundation.framework */,
				C901471717E9FA1E0010C7FF /* CoreGraphics.framework */,
				C901471917E9FA1E0010C7FF /* UIKit.framework */,
				C901472E17E9FA1E0010C7FF /* XCTest.framework */,
			);
			name = Frameworks;
			sourceTree = "<group>";
		};
		C901471B17E9FA1E0010C7FF /* KeyboardAnimationCurveBug */ = {
			isa = PBXGroup;
			children = (
				C901472417E9FA1E0010C7FF /* AppDelegate.h */,
				C901472517E9FA1E0010C7FF /* AppDelegate.m */,
				C901474417E9FA370010C7FF /* ViewController.h */,
				C901474517E9FA370010C7FF /* ViewController.m */,
				C901474717E9FAF30010C7FF /* ViewController.xib */,
				C901472717E9FA1E0010C7FF /* Images.xcassets */,
				C901471C17E9FA1E0010C7FF /* Supporting Files */,
			);
			path = KeyboardAnimationCurveBug;
			sourceTree = "<group>";
		};
		C901471C17E9FA1E0010C7FF /* Supporting Files */ = {
			isa = PBXGroup;
			children = (
				C901471D17E9FA1E0010C7FF /* KeyboardAnimationCurveBug-Info.plist */,
				C901471E17E9FA1E0010C7FF /* InfoPlist.strings */,
				C901472117E9FA1E0010C7FF /* main.m */,
				C901472317E9FA1E0010C7FF /* KeyboardAnimationCurveBug-Prefix.pch */,
			);
			name = "Supporting Files";
			sourceTree = "<group>";
		};
		C901473417E9FA1E0010C7FF /* KeyboardAnimationCurveBugTests */ = {
			isa = PBXGroup;
			children = (
				C901473A17E9FA1E0010C7FF /* KeyboardAnimationCurveBugTests.m */,
				C901473517E9FA1E0010C7FF /* Supporting Files */,
			);
			path = KeyboardAnimationCurveBugTests;
			sourceTree = "<group>";
		};
		C901473517E9FA1E0010C7FF /* Supporting Files */ = {
			isa = PBXGroup;
			children = (
				C901473617E9FA1E0010C7FF /* KeyboardAnimationCurveBugTests-Info.plist */,
				C901473717E9FA1E0010C7FF /* InfoPlist.strings */,
			);
			name = "Supporting Files";
			sourceTree = "<group>";
		};
/* End PBXGroup section */

/* Begin PBXNativeTarget section */
		C901471117E9FA1E0010C7FF /* KeyboardAnimationCurveBug */ = {
			isa = PBXNativeTarget;
			buildConfigurationList = C901473E17E9FA1E0010C7FF /* Build configuration list for PBXNativeTarget "KeyboardAnimationCurveBug" */;
			buildPhases = (
				C901470E17E9FA1E0010C7FF /* Sources */,
				C901470F17E9FA1E0010C7FF /* Frameworks */,
				C901471017E9FA1E0010C7FF /* Resources */,
			);
			buildRules = (
			);
			dependencies = (
			);
			name = KeyboardAnimationCurveBug;
			productName = KeyboardAnimationCurveBug;
			productReference = C901471217E9FA1E0010C7FF /* KeyboardAnimationCurveBug.app */;
			productType = "com.apple.product-type.application";
		};
		C901472C17E9FA1E0010C7FF /* KeyboardAnimationCurveBugTests */ = {
			isa = PBXNativeTarget;
			buildConfigurationList = C901474117E9FA1E0010C7FF /* Build configuration list for PBXNativeTarget "KeyboardAnimationCurveBugTests" */;
			buildPhases = (
				C901472917E9FA1E0010C7FF /* Sources */,
				C901472A17E9FA1E0010C7FF /* Frameworks */,
				C901472B17E9FA1E0010C7FF /* Resources */,
			);
			buildRules = (
			);
			dependencies = (
				C901473317E9FA1E0010C7FF /* PBXTargetDependency */,
			);
			name = KeyboardAnimationCurveBugTests;
			productName = KeyboardAnimationCurveBugTests;
			productReference = C901472D17E9FA1E0010C7FF /* KeyboardAnimationCurveBugTests.xctest */;
			productType = "com.apple.product-type.bundle.unit-test";
		};
/* End PBXNativeTarget section */

/* Begin PBXProject section */
		C901470A17E9FA1E0010C7FF /* Project object */ = {
			isa = PBXProject;
			attributes = {
				LastUpgradeCheck = 0500;
				ORGANIZATIONNAME = "Swipe Stack";
				TargetAttributes = {
					C901472C17E9FA1E0010C7FF = {
						TestTargetID = C901471117E9FA1E0010C7FF;
					};
				};
			};
			buildConfigurationList = C901470D17E9FA1E0010C7FF /* Build configuration list for PBXProject "KeyboardAnimationCurveBug" */;
			compatibilityVersion = "Xcode 3.2";
			developmentRegion = English;
			hasScannedForEncodings = 0;
			knownRegions = (
				en,
			);
			mainGroup = C901470917E9FA1E0010C7FF;
			productRefGroup = C901471317E9FA1E0010C7FF /* Products */;
			projectDirPath = "";
			projectRoot = "";
			targets = (
				C901471117E9FA1E0010C7FF /* KeyboardAnimationCurveBug */,
				C901472C17E9FA1E0010C7FF /* KeyboardAnimationCurveBugTests */,
			);
		};
/* End PBXProject section */

/* Begin PBXResourcesBuildPhase section */
		C901471017E9FA1E0010C7FF /* Resources */ = {
			isa = PBXResourcesBuildPhase;
			buildActionMask = 2147483647;
			files = (
				C901472017E9FA1E0010C7FF /* InfoPlist.strings in Resources */,
				C901474817E9FAF30010C7FF /* ViewController.xib in Resources */,
				C901472817E9FA1E0010C7FF /* Images.xcassets in Resources */,
			);
			runOnlyForDeploymentPostprocessing = 0;
		};
		C901472B17E9FA1E0010C7FF /* Resources */ = {
			isa = PBXResourcesBuildPhase;
			buildActionMask = 2147483647;
			files = (
				C901473917E9FA1E0010C7FF /* InfoPlist.strings in Resources */,
			);
			runOnlyForDeploymentPostprocessing = 0;
		};
/* End PBXResourcesBuildPhase section */

/* Begin PBXSourcesBuildPhase section */
		C901470E17E9FA1E0010C7FF /* Sources */ = {
			isa = PBXSourcesBuildPhase;
			buildActionMask = 2147483647;
			files = (
				C901474617E9FA370010C7FF /* ViewController.m in Sources */,
				C901472617E9FA1E0010C7FF /* AppDelegate.m in Sources */,
				C901472217E9FA1E0010C7FF /* main.m in Sources */,
			);
			runOnlyForDeploymentPostprocessing = 0;
		};
		C901472917E9FA1E0010C7FF /* Sources */ = {
			isa = PBXSourcesBuildPhase;
			buildActionMask = 2147483647;
			files = (
				C901473B17E9FA1E0010C7FF /* KeyboardAnimationCurveBugTests.m in Sources */,
			);
			runOnlyForDeploymentPostprocessing = 0;
		};
/* End PBXSourcesBuildPhase section */

/* Begin PBXTargetDependency section */
		C901473317E9FA1E0010C7FF /* PBXTargetDependency */ = {
			isa = PBXTargetDependency;
			target = C901471117E9FA1E0010C7FF /* KeyboardAnimationCurveBug */;
			targetProxy = C901473217E9FA1E0010C7FF /* PBXContainerItemProxy */;
		};
/* End PBXTargetDependency section */

/* Begin PBXVariantGroup section */
		C901471E17E9FA1E0010C7FF /* InfoPlist.strings */ = {
			isa = PBXVariantGroup;
			children = (
				C901471F17E9FA1E0010C7FF /* en */,
			);
			name = InfoPlist.strings;
			sourceTree = "<group>";
		};
		C901473717E9FA1E0010C7FF /* InfoPlist.strings */ = {
			isa = PBXVariantGroup;
			children = (
				C901473817E9FA1E0010C7FF /* en */,
			);
			name = InfoPlist.strings;
			sourceTree = "<group>";
		};
/* End PBXVariantGroup section */

/* Begin XCBuildConfiguration section */
		C901473C17E9FA1E0010C7FF /* Debug */ = {
			isa = XCBuildConfiguration;
			buildSettings = {
				ALWAYS_SEARCH_USER_PATHS = NO;
				ARCHS = "$(ARCHS_STANDARD_INCLUDING_64_BIT)";
				CLANG_CXX_LANGUAGE_STANDARD = "gnu++0x";
				CLANG_CXX_LIBRARY = "libc++";
				CLANG_ENABLE_MODULES = YES;
				CLANG_ENABLE_OBJC_ARC = YES;
				CLANG_WARN_BOOL_CONVERSION = YES;
				CLANG_WARN_CONSTANT_CONVERSION = YES;
				CLANG_WARN_DIRECT_OBJC_ISA_USAGE = YES_ERROR;
				CLANG_WARN_EMPTY_BODY = YES;
				CLANG_WARN_ENUM_CONVERSION = YES;
				CLANG_WARN_INT_CONVERSION = YES;
				CLANG_WARN_OBJC_ROOT_CLASS = YES_ERROR;
				CLANG_WARN__DUPLICATE_METHOD_MATCH = YES;
				"CODE_SIGN_IDENTITY[sdk=iphoneos*]" = "iPhone Developer";
				COPY_PHASE_STRIP = NO;
				GCC_C_LANGUAGE_STANDARD = gnu99;
				GCC_DYNAMIC_NO_PIC = NO;
				GCC_OPTIMIZATION_LEVEL = 0;
				GCC_PREPROCESSOR_DEFINITIONS = (
					"DEBUG=1",
					"$(inherited)",
				);
				GCC_SYMBOLS_PRIVATE_EXTERN = NO;
				GCC_WARN_64_TO_32_BIT_CONVERSION = YES;
				GCC_WARN_ABOUT_RETURN_TYPE = YES_ERROR;
				GCC_WARN_UNDECLARED_SELECTOR = YES;
				GCC_WARN_UNINITIALIZED_AUTOS = YES;
				GCC_WARN_UNUSED_FUNCTION = YES;
				GCC_WARN_UNUSED_VARIABLE = YES;
				IPHONEOS_DEPLOYMENT_TARGET = 7.0;
				ONLY_ACTIVE_ARCH = YES;
				SDKROOT = iphoneos;
			};
			name = Debug;
		};
		C901473D17E9FA1E0010C7FF /* Release */ = {
			isa = XCBuildConfiguration;
			buildSettings = {
				ALWAYS_SEARCH_USER_PATHS = NO;
				ARCHS = "$(ARCHS_STANDARD_INCLUDING_64_BIT)";
				CLANG_CXX_LANGUAGE_STANDARD = "gnu++0x";
				CLANG_CXX_LIBRARY = "libc++";
				CLANG_ENABLE_MODULES = YES;
				CLANG_ENABLE_OBJC_ARC = YES;
				CLANG_WARN_BOOL_CONVERSION = YES;
				CLANG_WARN_CONSTANT_CONVERSION = YES;
				CLANG_WARN_DIRECT_OBJC_ISA_USAGE = YES_ERROR;
				CLANG_WARN_EMPTY_BODY = YES;
				CLANG_WARN_ENUM_CONVERSION = YES;
				CLANG_WARN_INT_CONVERSION = YES;
				CLANG_WARN_OBJC_ROOT_CLASS = YES_ERROR;
				CLANG_WARN__DUPLICATE_METHOD_MATCH = YES;
				"CODE_SIGN_IDENTITY[sdk=iphoneos*]" = "iPhone Developer";
				COPY_PHASE_STRIP = YES;
				ENABLE_NS_ASSERTIONS = NO;
				GCC_C_LANGUAGE_STANDARD = gnu99;
				GCC_WARN_64_TO_32_BIT_CONVERSION = YES;
				GCC_WARN_ABOUT_RETURN_TYPE = YES_ERROR;
				GCC_WARN_UNDECLARED_SELECTOR = YES;
				GCC_WARN_UNINITIALIZED_AUTOS = YES;
				GCC_WARN_UNUSED_FUNCTION = YES;
				GCC_WARN_UNUSED_VARIABLE = YES;
				IPHONEOS_DEPLOYMENT_TARGET = 7.0;
				SDKROOT = iphoneos;
				VALIDATE_PRODUCT = YES;
			};
			name = Release;
		};
		C901473F17E9FA1E0010C7FF /* Debug */ = {
			isa = XCBuildConfiguration;
			buildSettings = {
				ASSETCATALOG_COMPILER_APPICON_NAME = AppIcon;
				ASSETCATALOG_COMPILER_LAUNCHIMAGE_NAME = LaunchImage;
				GCC_PRECOMPILE_PREFIX_HEADER = YES;
				GCC_PREFIX_HEADER = "KeyboardAnimationCurveBug/KeyboardAnimationCurveBug-Prefix.pch";
				INFOPLIST_FILE = "KeyboardAnimationCurveBug/KeyboardAnimationCurveBug-Info.plist";
				PRODUCT_NAME = "$(TARGET_NAME)";
				WRAPPER_EXTENSION = app;
			};
			name = Debug;
		};
		C901474017E9FA1E0010C7FF /* Release */ = {
			isa = XCBuildConfiguration;
			buildSettings = {
				ASSETCATALOG_COMPILER_APPICON_NAME = AppIcon;
				ASSETCATALOG_COMPILER_LAUNCHIMAGE_NAME = LaunchImage;
				GCC_PRECOMPILE_PREFIX_HEADER = YES;
				GCC_PREFIX_HEADER = "KeyboardAnimationCurveBug/KeyboardAnimationCurveBug-Prefix.pch";
				INFOPLIST_FILE = "KeyboardAnimationCurveBug/KeyboardAnimationCurveBug-Info.plist";
				PRODUCT_NAME = "$(TARGET_NAME)";
				WRAPPER_EXTENSION = app;
			};
			name = Release;
		};
		C901474217E9FA1E0010C7FF /* Debug */ = {
			isa = XCBuildConfiguration;
			buildSettings = {
				ARCHS = "$(ARCHS_STANDARD_INCLUDING_64_BIT)";
				BUNDLE_LOADER = "$(BUILT_PRODUCTS_DIR)/KeyboardAnimationCurveBug.app/KeyboardAnimationCurveBug";
				FRAMEWORK_SEARCH_PATHS = (
					"$(SDKROOT)/Developer/Library/Frameworks",
					"$(inherited)",
					"$(DEVELOPER_FRAMEWORKS_DIR)",
				);
				GCC_PRECOMPILE_PREFIX_HEADER = YES;
				GCC_PREFIX_HEADER = "KeyboardAnimationCurveBug/KeyboardAnimationCurveBug-Prefix.pch";
				GCC_PREPROCESSOR_DEFINITIONS = (
					"DEBUG=1",
					"$(inherited)",
				);
				INFOPLIST_FILE = "KeyboardAnimationCurveBugTests/KeyboardAnimationCurveBugTests-Info.plist";
				PRODUCT_NAME = "$(TARGET_NAME)";
				TEST_HOST = "$(BUNDLE_LOADER)";
				WRAPPER_EXTENSION = xctest;
			};
			name = Debug;
		};
		C901474317E9FA1E0010C7FF /* Release */ = {
			isa = XCBuildConfiguration;
			buildSettings = {
				ARCHS = "$(ARCHS_STANDARD_INCLUDING_64_BIT)";
				BUNDLE_LOADER = "$(BUILT_PRODUCTS_DIR)/KeyboardAnimationCurveBug.app/KeyboardAnimationCurveBug";
				FRAMEWORK_SEARCH_PATHS = (
					"$(SDKROOT)/Developer/Library/Frameworks",
					"$(inherited)",
					"$(DEVELOPER_FRAMEWORKS_DIR)",
				);
				GCC_PRECOMPILE_PREFIX_HEADER = YES;
				GCC_PREFIX_HEADER = "KeyboardAnimationCurveBug/KeyboardAnimationCurveBug-Prefix.pch";
				INFOPLIST_FILE = "KeyboardAnimationCurveBugTests/KeyboardAnimationCurveBugTests-Info.plist";
				PRODUCT_NAME = "$(TARGET_NAME)";
				TEST_HOST = "$(BUNDLE_LOADER)";
				WRAPPER_EXTENSION = xctest;
			};
			name = Release;
		};
/* End XCBuildConfiguration section */

/* Begin XCConfigurationList section */
		C901470D17E9FA1E0010C7FF /* Build configuration list for PBXProject "KeyboardAnimationCurveBug" */ = {
			isa = XCConfigurationList;
			buildConfigurations = (
				C901473C17E9FA1E0010C7FF /* Debug */,
				C901473D17E9FA1E0010C7FF /* Release */,
			);
			defaultConfigurationIsVisible = 0;
			defaultConfigurationName = Release;
		};
		C901473E17E9FA1E0010C7FF /* Build configuration list for PBXNativeTarget "KeyboardAnimationCurveBug" */ = {
			isa = XCConfigurationList;
			buildConfigurations = (
				C901473F17E9FA1E0010C7FF /* Debug */,
				C901474017E9FA1E0010C7FF /* Release */,
			);
			defaultConfigurationIsVisible = 0;
		};
		C901474117E9FA1E0010C7FF /* Build configuration list for PBXNativeTarget "KeyboardAnimationCurveBugTests" */ = {
			isa = XCConfigurationList;
			buildConfigurations = (
				C901474217E9FA1E0010C7FF /* Debug */,
				C901474317E9FA1E0010C7FF /* Release */,
			);
			defaultConfigurationIsVisible = 0;
		};
/* End XCConfigurationList section */
	};
	rootObject = C901470A17E9FA1E0010C7FF /* Project object */;
}
